
Microsoft Visual Studio Solution File, Format Version 12.00
Project("{FAE04EC0-301F-11D3-BF4B-00C04F79EFBC}") = "BdziamPak", "BdziamPak\BdziamPak.csproj", "{1607EB6D-59C7-45A0-A81F-952158B13085}"
EndProject
Project("{FAE04EC0-301F-11D3-BF4B-00C04F79EFBC}") = "BdziamPak.Tests", "BdziamPak.Tests\BdziamPak.Tests.csproj", "{0D54281C-FE8E-4842-9A86-A4331C792DF9}"
EndProject
Project("{FAE04EC0-301F-11D3-BF4B-00C04F79EFBC}") = "BdziamPak.PakRepoApi", "BdziamPak.PakRepoApi\BdziamPak.PakRepoApi.csproj", "{2A9278E7-1851-462C-B45B-4910D879BB9D}"
EndProject
Project("{FAE04EC0-301F-11D3-BF4B-00C04F79EFBC}") = "BdziamPak.Spectre", "BdziamPak.Spectre\BdziamPak.Spectre.csproj", "{BA73A2F1-503C-44B7-A734-5FD996F30965}"
EndProject
Global
	GlobalSection(SolutionConfigurationPlatforms) = preSolution
		Debug|Any CPU = Debug|Any CPU
		Release|Any CPU = Release|Any CPU
	EndGlobalSection
	GlobalSection(ProjectConfigurationPlatforms) = postSolution
		{1607EB6D-59C7-45A0-A81F-952158B13085}.Debug|Any CPU.ActiveCfg = Debug|Any CPU
		{1607EB6D-59C7-45A0-A81F-952158B13085}.Debug|Any CPU.Build.0 = Debug|Any CPU
		{1607EB6D-59C7-45A0-A81F-952158B13085}.Release|Any CPU.ActiveCfg = Release|Any CPU
		{1607EB6D-59C7-45A0-A81F-952158B13085}.Release|Any CPU.Build.0 = Release|Any CPU
		{0D54281C-FE8E-4842-9A86-A4331C792DF9}.Debug|Any CPU.ActiveCfg = Debug|Any CPU
		{0D54281C-FE8E-4842-9A86-A4331C792DF9}.Debug|Any CPU.Build.0 = Debug|Any CPU
		{0D54281C-FE8E-4842-9A86-A4331C792DF9}.Release|Any CPU.ActiveCfg = Release|Any CPU
		{0D54281C-FE8E-4842-9A86-A4331C792DF9}.Release|Any CPU.Build.0 = Release|Any CPU
		{2A9278E7-1851-462C-B45B-4910D879BB9D}.Debug|Any CPU.ActiveCfg = Debug|Any CPU
		{2A9278E7-1851-462C-B45B-4910D879BB9D}.Debug|Any CPU.Build.0 = Debug|Any CPU
		{2A9278E7-1851-462C-B45B-4910D879BB9D}.Release|Any CPU.ActiveCfg = Release|Any CPU
		{2A9278E7-1851-462C-B45B-4910D879BB9D}.Release|Any CPU.Build.0 = Release|Any CPU
		{BA73A2F1-503C-44B7-A734-5FD996F30965}.Debug|Any CPU.ActiveCfg = Debug|Any CPU
		{BA73A2F1-503C-44B7-A734-5FD996F30965}.Debug|Any CPU.Build.0 = Debug|Any CPU
		{BA73A2F1-503C-44B7-A734-5FD996F30965}.Release|Any CPU.ActiveCfg = Release|Any CPU
		{BA73A2F1-503C-44B7-A734-5FD996F30965}.Release|Any CPU.Build.0 = Release|Any CPU
	EndGlobalSection
EndGlobal
